// !$*UTF8*$!
{
	archiveVersion = 1;
	classes = {
	};
	objectVersion = 55;
	objects = {

/* Begin PBXBuildFile section */
		5E00CA84283B5F9400051D7B /* MoviesViewController.swift in Sources */ = {isa = PBXBuildFile; fileRef = 5E00CA83283B5F9400051D7B /* MoviesViewController.swift */; };
		5E00CA86283B61DE00051D7B /* Movies.swift in Sources */ = {isa = PBXBuildFile; fileRef = 5E00CA85283B61DE00051D7B /* Movies.swift */; };
		9431A7CA2839186300FC28CE /* AppDelegate.swift in Sources */ = {isa = PBXBuildFile; fileRef = 9431A7C92839186300FC28CE /* AppDelegate.swift */; };
		9431A7CC2839186300FC28CE /* SceneDelegate.swift in Sources */ = {isa = PBXBuildFile; fileRef = 9431A7CB2839186300FC28CE /* SceneDelegate.swift */; };
		9431A7D12839186300FC28CE /* Main.storyboard in Resources */ = {isa = PBXBuildFile; fileRef = 9431A7CF2839186300FC28CE /* Main.storyboard */; };
		9431A7D42839186300FC28CE /* iBArts_Project.xcdatamodeld in Sources */ = {isa = PBXBuildFile; fileRef = 9431A7D22839186300FC28CE /* iBArts_Project.xcdatamodeld */; };
		9431A7D62839186500FC28CE /* Assets.xcassets in Resources */ = {isa = PBXBuildFile; fileRef = 9431A7D52839186500FC28CE /* Assets.xcassets */; };
		9431A7D92839186500FC28CE /* LaunchScreen.storyboard in Resources */ = {isa = PBXBuildFile; fileRef = 9431A7D72839186500FC28CE /* LaunchScreen.storyboard */; };
		9431A7FD28391BDA00FC28CE /* MoviesListTableViewCell.swift in Sources */ = {isa = PBXBuildFile; fileRef = 9431A7FC28391BDA00FC28CE /* MoviesListTableViewCell.swift */; };
		94578C6C283A1E4500AEB629 /* FavouriteViewController.swift in Sources */ = {isa = PBXBuildFile; fileRef = 94578C6B283A1E4500AEB629 /* FavouriteViewController.swift */; };
/* End PBXBuildFile section */

/* Begin PBXFileReference section */
		5E00CA83283B5F9400051D7B /* MoviesViewController.swift */ = {isa = PBXFileReference; lastKnownFileType = sourcecode.swift; path = MoviesViewController.swift; sourceTree = "<group>"; };
		5E00CA85283B61DE00051D7B /* Movies.swift */ = {isa = PBXFileReference; lastKnownFileType = sourcecode.swift; path = Movies.swift; sourceTree = "<group>"; };
		9431A7C62839186300FC28CE /* iBArts_Project.app */ = {isa = PBXFileReference; explicitFileType = wrapper.application; includeInIndex = 0; path = iBArts_Project.app; sourceTree = BUILT_PRODUCTS_DIR; };
		9431A7C92839186300FC28CE /* AppDelegate.swift */ = {isa = PBXFileReference; lastKnownFileType = sourcecode.swift; path = AppDelegate.swift; sourceTree = "<group>"; };
		9431A7CB2839186300FC28CE /* SceneDelegate.swift */ = {isa = PBXFileReference; lastKnownFileType = sourcecode.swift; path = SceneDelegate.swift; sourceTree = "<group>"; };
		9431A7CD2839186300FC28CE /* ViewController.swift */ = {isa = PBXFileReference; lastKnownFileType = sourcecode.swift; path = ViewController.swift; sourceTree = "<group>"; };
		9431A7D02839186300FC28CE /* Base */ = {isa = PBXFileReference; lastKnownFileType = file.storyboard; name = Base; path = Base.lproj/Main.storyboard; sourceTree = "<group>"; };
		9431A7D32839186300FC28CE /* iBArts_Project.xcdatamodel */ = {isa = PBXFileReference; lastKnownFileType = wrapper.xcdatamodel; path = iBArts_Project.xcdatamodel; sourceTree = "<group>"; };
		9431A7D52839186500FC28CE /* Assets.xcassets */ = {isa = PBXFileReference; lastKnownFileType = folder.assetcatalog; path = Assets.xcassets; sourceTree = "<group>"; };
		9431A7D82839186500FC28CE /* Base */ = {isa = PBXFileReference; lastKnownFileType = file.storyboard; name = Base; path = Base.lproj/LaunchScreen.storyboard; sourceTree = "<group>"; };
		9431A7DA2839186500FC28CE /* Info.plist */ = {isa = PBXFileReference; lastKnownFileType = text.plist.xml; path = Info.plist; sourceTree = "<group>"; };
		9431A7FC28391BDA00FC28CE /* MoviesListTableViewCell.swift */ = {isa = PBXFileReference; lastKnownFileType = sourcecode.swift; path = MoviesListTableViewCell.swift; sourceTree = "<group>"; };
		94578C6B283A1E4500AEB629 /* FavouriteViewController.swift */ = {isa = PBXFileReference; lastKnownFileType = sourcecode.swift; path = FavouriteViewController.swift; sourceTree = "<group>"; };
/* End PBXFileReference section */

/* Begin PBXFrameworksBuildPhase section */
		9431A7C32839186300FC28CE /* Frameworks */ = {
			isa = PBXFrameworksBuildPhase;
			buildActionMask = 2147483647;
			files = (
			);
			runOnlyForDeploymentPostprocessing = 0;
		};
/* End PBXFrameworksBuildPhase section */

/* Begin PBXGroup section */
		9431A7BD2839186300FC28CE = {
			isa = PBXGroup;
			children = (
				9431A7C82839186300FC28CE /* iBArts_Project */,
				9431A7C72839186300FC28CE /* Products */,
			);
			sourceTree = "<group>";
		};
		9431A7C72839186300FC28CE /* Products */ = {
			isa = PBXGroup;
			children = (
				9431A7C62839186300FC28CE /* iBArts_Project.app */,
			);
			name = Products;
			sourceTree = "<group>";
		};
		9431A7C82839186300FC28CE /* iBArts_Project */ = {
			isa = PBXGroup;
			children = (
				9431A7C92839186300FC28CE /* AppDelegate.swift */,
				9431A7CB2839186300FC28CE /* SceneDelegate.swift */,
				9431A7CD2839186300FC28CE /* ViewController.swift */,
				5E00CA83283B5F9400051D7B /* MoviesViewController.swift */,
				94578C6B283A1E4500AEB629 /* FavouriteViewController.swift */,
				9431A7FC28391BDA00FC28CE /* MoviesListTableViewCell.swift */,
				9431A7CF2839186300FC28CE /* Main.storyboard */,
				5E00CA85283B61DE00051D7B /* Movies.swift */,
				9431A7DA2839186500FC28CE /* Info.plist */,
				9431A7D22839186300FC28CE /* iBArts_Project.xcdatamodeld */,
				9431A7D72839186500FC28CE /* LaunchScreen.storyboard */,
				9431A7D52839186500FC28CE /* Assets.xcassets */,
			);
			path = iBArts_Project;
			sourceTree = "<group>";
		};
/* End PBXGroup section */

/* Begin PBXNativeTarget section */
		9431A7C52839186300FC28CE /* iBArts_Project */ = {
			isa = PBXNativeTarget;
			buildConfigurationList = 9431A7F32839186500FC28CE /* Build configuration list for PBXNativeTarget "iBArts_Project" */;
			buildPhases = (
				9431A7C22839186300FC28CE /* Sources */,
				9431A7C32839186300FC28CE /* Frameworks */,
				9431A7C42839186300FC28CE /* Resources */,
			);
			buildRules = (
			);
			dependencies = (
			);
			name = iBArts_Project;
			productName = iBArts_Project;
			productReference = 9431A7C62839186300FC28CE /* iBArts_Project.app */;
			productType = "com.apple.product-type.application";
		};
/* End PBXNativeTarget section */

/* Begin PBXProject section */
		9431A7BE2839186300FC28CE /* Project object */ = {
			isa = PBXProject;
			attributes = {
				BuildIndependentTargetsInParallel = 1;
				LastSwiftUpdateCheck = 1330;
				LastUpgradeCheck = 1330;
				TargetAttributes = {
					9431A7C52839186300FC28CE = {
						CreatedOnToolsVersion = 13.3.1;
					};
				};
			};
			buildConfigurationList = 9431A7C12839186300FC28CE /* Build configuration list for PBXProject "iBArts_Project" */;
			compatibilityVersion = "Xcode 13.0";
			developmentRegion = en;
			hasScannedForEncodings = 0;
			knownRegions = (
				en,
				Base,
			);
			mainGroup = 9431A7BD2839186300FC28CE;
			productRefGroup = 9431A7C72839186300FC28CE /* Products */;
			projectDirPath = "";
			projectRoot = "";
			targets = (
				9431A7C52839186300FC28CE /* iBArts_Project */,
			);
		};
/* End PBXProject section */

/* Begin PBXResourcesBuildPhase section */
		9431A7C42839186300FC28CE /* Resources */ = {
			isa = PBXResourcesBuildPhase;
			buildActionMask = 2147483647;
			files = (
				9431A7D92839186500FC28CE /* LaunchScreen.storyboard in Resources */,
				9431A7D62839186500FC28CE /* Assets.xcassets in Resources */,
				9431A7D12839186300FC28CE /* Main.storyboard in Resources */,
			);
			runOnlyForDeploymentPostprocessing = 0;
		};
/* End PBXResourcesBuildPhase section */

/* Begin PBXSourcesBuildPhase section */
		9431A7C22839186300FC28CE /* Sources */ = {
			isa = PBXSourcesBuildPhase;
			buildActionMask = 2147483647;
			files = (
				5E00CA86283B61DE00051D7B /* Movies.swift in Sources */,
				9431A7FD28391BDA00FC28CE /* MoviesListTableViewCell.swift in Sources */,
				9431A7CA2839186300FC28CE /* AppDelegate.swift in Sources */,
				9431A7D42839186300FC28CE /* iBArts_Project.xcdatamodeld in Sources */,
				94578C6C283A1E4500AEB629 /* FavouriteViewController.swift in Sources */,
				9431A7CC2839186300FC28CE /* SceneDelegate.swift in Sources */,
				5E00CA84283B5F9400051D7B /* MoviesViewController.swift in Sources */,
			);
			runOnlyForDeploymentPostprocessing = 0;
		};
/* End PBXSourcesBuildPhase section */

/* Begin PBXVariantGroup section */
		9431A7CF2839186300FC28CE /* Main.storyboard */ = {
			isa = PBXVariantGroup;
			children = (
				9431A7D02839186300FC28CE /* Base */,
			);
			name = Main.storyboard;
			sourceTree = "<group>";
		};
		9431A7D72839186500FC28CE /* LaunchScreen.storyboard */ = {
			isa = PBXVariantGroup;
			children = (
				9431A7D82839186500FC28CE /* Base */,
			);
			name = LaunchScreen.storyboard;
			sourceTree = "<group>";
		};
/* End PBXVariantGroup section */

/* Begin XCBuildConfiguration section */
		9431A7F12839186500FC28CE /* Debug */ = {
			isa = XCBuildConfiguration;
			buildSettings = {
				ALWAYS_SEARCH_USER_PATHS = NO;
				CLANG_ANALYZER_NONNULL = YES;
				CLANG_ANALYZER_NUMBER_OBJECT_CONVERSION = YES_AGGRESSIVE;
				CLANG_CXX_LANGUAGE_STANDARD = "gnu++17";
				CLANG_ENABLE_MODULES = YES;
				CLANG_ENABLE_OBJC_ARC = YES;
				CLANG_ENABLE_OBJC_WEAK = YES;
				CLANG_WARN_BLOCK_CAPTURE_AUTORELEASING = YES;
				CLANG_WARN_BOOL_CONVERSION = YES;
				CLANG_WARN_COMMA = YES;
				CLANG_WARN_CONSTANT_CONVERSION = YES;
				CLANG_WARN_DEPRECATED_OBJC_IMPLEMENTATIONS = YES;
				CLANG_WARN_DIRECT_OBJC_ISA_USAGE = YES_ERROR;
				CLANG_WARN_DOCUMENTATION_COMMENTS = YES;
				CLANG_WARN_EMPTY_BODY = YES;
				CLANG_WARN_ENUM_CONVERSION = YES;
				CLANG_WARN_INFINITE_RECURSION = YES;
				CLANG_WARN_INT_CONVERSION = YES;
				CLANG_WARN_NON_LITERAL_NULL_CONVERSION = YES;
				CLANG_WARN_OBJC_IMPLICIT_RETAIN_SELF = YES;
				CLANG_WARN_OBJC_LITERAL_CONVERSION = YES;
				CLANG_WARN_OBJC_ROOT_CLASS = YES_ERROR;
				CLANG_WARN_QUOTED_INCLUDE_IN_FRAMEWORK_HEADER = YES;
				CLANG_WARN_RANGE_LOOP_ANALYSIS = YES;
				CLANG_WARN_STRICT_PROTOTYPES = YES;
				CLANG_WARN_SUSPICIOUS_MOVE = YES;
				CLANG_WARN_UNGUARDED_AVAILABILITY = YES_AGGRESSIVE;
				CLANG_WARN_UNREACHABLE_CODE = YES;
				CLANG_WARN__DUPLICATE_METHOD_MATCH = YES;
				COPY_PHASE_STRIP = NO;
				DEBUG_INFORMATION_FORMAT = dwarf;
				ENABLE_STRICT_OBJC_MSGSEND = YES;
				ENABLE_TESTABILITY = YES;
				GCC_C_LANGUAGE_STANDARD = gnu11;
				GCC_DYNAMIC_NO_PIC = NO;
				GCC_NO_COMMON_BLOCKS = YES;
				GCC_OPTIMIZATION_LEVEL = 0;
				GCC_PREPROCESSOR_DEFINITIONS = (
					"DEBUG=1",
					"$(inherited)",
				);
				GCC_WARN_64_TO_32_BIT_CONVERSION = YES;
				GCC_WARN_ABOUT_RETURN_TYPE = YES_ERROR;
				GCC_WARN_UNDECLARED_SELECTOR = YES;
				GCC_WARN_UNINITIALIZED_AUTOS = YES_AGGRESSIVE;
				GCC_WARN_UNUSED_FUNCTION = YES;
				GCC_WARN_UNUSED_VARIABLE = YES;
				IPHONEOS_DEPLOYMENT_TARGET = 15.0;
				MTL_ENABLE_DEBUG_INFO = INCLUDE_SOURCE;
				MTL_FAST_MATH = YES;
				ONLY_ACTIVE_ARCH = YES;
				SDKROOT = iphoneos;
				SWIFT_ACTIVE_COMPILATION_CONDITIONS = DEBUG;
				SWIFT_OPTIMIZATION_LEVEL = "-Onone";
			};
			name = Debug;
		};
		9431A7F22839186500FC28CE /* Release */ = {
			isa = XCBuildConfiguration;
			buildSettings = {
				ALWAYS_SEARCH_USER_PATHS = NO;
				CLANG_ANALYZER_NONNULL = YES;
				CLANG_ANALYZER_NUMBER_OBJECT_CONVERSION = YES_AGGRESSIVE;
				CLANG_CXX_LANGUAGE_STANDARD = "gnu++17";
				CLANG_ENABLE_MODULES = YES;
				CLANG_ENABLE_OBJC_ARC = YES;
				CLANG_ENABLE_OBJC_WEAK = YES;
				CLANG_WARN_BLOCK_CAPTURE_AUTORELEASING = YES;
				CLANG_WARN_BOOL_CONVERSION = YES;
				CLANG_WARN_COMMA = YES;
				CLANG_WARN_CONSTANT_CONVERSION = YES;
				CLANG_WARN_DEPRECATED_OBJC_IMPLEMENTATIONS = YES;
				CLANG_WARN_DIRECT_OBJC_ISA_USAGE = YES_ERROR;
				CLANG_WARN_DOCUMENTATION_COMMENTS = YES;
				CLANG_WARN_EMPTY_BODY = YES;
				CLANG_WARN_ENUM_CONVERSION = YES;
				CLANG_WARN_INFINITE_RECURSION = YES;
				CLANG_WARN_INT_CONVERSION = YES;
				CLANG_WARN_NON_LITERAL_NULL_CONVERSION = YES;
				CLANG_WARN_OBJC_IMPLICIT_RETAIN_SELF = YES;
				CLANG_WARN_OBJC_LITERAL_CONVERSION = YES;
				CLANG_WARN_OBJC_ROOT_CLASS = YES_ERROR;
				CLANG_WARN_QUOTED_INCLUDE_IN_FRAMEWORK_HEADER = YES;
				CLANG_WARN_RANGE_LOOP_ANALYSIS = YES;
				CLANG_WARN_STRICT_PROTOTYPES = YES;
				CLANG_WARN_SUSPICIOUS_MOVE = YES;
				CLANG_WARN_UNGUARDED_AVAILABILITY = YES_AGGRESSIVE;
				CLANG_WARN_UNREACHABLE_CODE = YES;
				CLANG_WARN__DUPLICATE_METHOD_MATCH = YES;
				COPY_PHASE_STRIP = NO;
				DEBUG_INFORMATION_FORMAT = "dwarf-with-dsym";
				ENABLE_NS_ASSERTIONS = NO;
				ENABLE_STRICT_OBJC_MSGSEND = YES;
				GCC_C_LANGUAGE_STANDARD = gnu11;
				GCC_NO_COMMON_BLOCKS = YES;
				GCC_WARN_64_TO_32_BIT_CONVERSION = YES;
				GCC_WARN_ABOUT_RETURN_TYPE = YES_ERROR;
				GCC_WARN_UNDECLARED_SELECTOR = YES;
				GCC_WARN_UNINITIALIZED_AUTOS = YES_AGGRESSIVE;
				GCC_WARN_UNUSED_FUNCTION = YES;
				GCC_WARN_UNUSED_VARIABLE = YES;
				IPHONEOS_DEPLOYMENT_TARGET = 15.0;
				MTL_ENABLE_DEBUG_INFO = NO;
				MTL_FAST_MATH = YES;
				SDKROOT = iphoneos;
				SWIFT_COMPILATION_MODE = wholemodule;
				SWIFT_OPTIMIZATION_LEVEL = "-O";
				VALIDATE_PRODUCT = YES;
			};
			name = Release;
		};
		9431A7F42839186500FC28CE /* Debug */ = {
			isa = XCBuildConfiguration;
			buildSettings = {
				ASSETCATALOG_COMPILER_APPICON_NAME = AppIcon;
				ASSETCATALOG_COMPILER_GLOBAL_ACCENT_COLOR_NAME = AccentColor;
				CODE_SIGN_STYLE = Automatic;
				CURRENT_PROJECT_VERSION = 1;
				DEVELOPMENT_TEAM = VFRFP6ZDLY;
				GENERATE_INFOPLIST_FILE = YES;
				INFOPLIST_FILE = iBArts_Project/Info.plist;
				INFOPLIST_KEY_UIApplicationSupportsIndirectInputEvents = YES;
				INFOPLIST_KEY_UILaunchStoryboardName = LaunchScreen;
				INFOPLIST_KEY_UIMainStoryboardFile = Main;
				INFOPLIST_KEY_UISupportedInterfaceOrientations_iPad = "UIInterfaceOrientationPortrait UIInterfaceOrientationPortraitUpsideDown UIInterfaceOrientationLandscapeLeft UIInterfaceOrientationLandscapeRight";
				INFOPLIST_KEY_UISupportedInterfaceOrientations_iPhone = "UIInterfaceOrientationPortrait UIInterfaceOrientationLandscapeLeft UIInterfaceOrientationLandscapeRight";
				LD_RUNPATH_SEARCH_PATHS = (
					"$(inherited)",
					"@executable_path/Frameworks",
				);
				MARKETING_VERSION = 1.0;
				PRODUCT_BUNDLE_IDENTIFIER = "com.thesuperstore.iBArts-Project";
				PRODUCT_NAME = "$(TARGET_NAME)";
				SWIFT_EMIT_LOC_STRINGS = YES;
				SWIFT_VERSION = 5.0;
				TARGETED_DEVICE_FAMILY = "1,2";
			};
			name = Debug;
		};
		9431A7F52839186500FC28CE /* Release */ = {
			isa = XCBuildConfiguration;
			buildSettings = {
				ASSETCATALOG_COMPILER_APPICON_NAME = AppIcon;
				ASSETCATALOG_COMPILER_GLOBAL_ACCENT_COLOR_NAME = AccentColor;
				CODE_SIGN_STYLE = Automatic;
				CURRENT_PROJECT_VERSION = 1;
				DEVELOPMENT_TEAM = VFRFP6ZDLY;
				GENERATE_INFOPLIST_FILE = YES;
				INFOPLIST_FILE = iBArts_Project/Info.plist;
				INFOPLIST_KEY_UIApplicationSupportsIndirectInputEvents = YES;
				INFOPLIST_KEY_UILaunchStoryboardName = LaunchScreen;
				INFOPLIST_KEY_UIMainStoryboardFile = Main;
				INFOPLIST_KEY_UISupportedInterfaceOrientations_iPad = "UIInterfaceOrientationPortrait UIInterfaceOrientationPortraitUpsideDown UIInterfaceOrientationLandscapeLeft UIInterfaceOrientationLandscapeRight";
				INFOPLIST_KEY_UISupportedInterfaceOrientations_iPhone = "UIInterfaceOrientationPortrait UIInterfaceOrientationLandscapeLeft UIInterfaceOrientationLandscapeRight";
				LD_RUNPATH_SEARCH_PATHS = (
					"$(inherited)",
					"@executable_path/Frameworks",
				);
				MARKETING_VERSION = 1.0;
				PRODUCT_BUNDLE_IDENTIFIER = "com.thesuperstore.iBArts-Project";
				PRODUCT_NAME = "$(TARGET_NAME)";
				SWIFT_EMIT_LOC_STRINGS = YES;
				SWIFT_VERSION = 5.0;
				TARGETED_DEVICE_FAMILY = "1,2";
			};
			name = Release;
		};
/* End XCBuildConfiguration section */

/* Begin XCConfigurationList section */
		9431A7C12839186300FC28CE /* Build configuration list for PBXProject "iBArts_Project" */ = {
			isa = XCConfigurationList;
			buildConfigurations = (
				9431A7F12839186500FC28CE /* Debug */,
				9431A7F22839186500FC28CE /* Release */,
			);
			defaultConfigurationIsVisible = 0;
			defaultConfigurationName = Release;
		};
		9431A7F32839186500FC28CE /* Build configuration list for PBXNativeTarget "iBArts_Project" */ = {
			isa = XCConfigurationList;
			buildConfigurations = (
				9431A7F42839186500FC28CE /* Debug */,
				9431A7F52839186500FC28CE /* Release */,
			);
			defaultConfigurationIsVisible = 0;
			defaultConfigurationName = Release;
		};
/* End XCConfigurationList section */

/* Begin XCVersionGroup section */
		9431A7D22839186300FC28CE /* iBArts_Project.xcdatamodeld */ = {
			isa = XCVersionGroup;
			children = (
				9431A7D32839186300FC28CE /* iBArts_Project.xcdatamodel */,
			);
			currentVersion = 9431A7D32839186300FC28CE /* iBArts_Project.xcdatamodel */;
			path = iBArts_Project.xcdatamodeld;
			sourceTree = "<group>";
			versionGroupType = wrapper.xcdatamodel;
		};
/* End XCVersionGroup section */
	};
	rootObject = 9431A7BE2839186300FC28CE /* Project object */;
}
